{
  "name": "disciple-tools-bulk-magic-link-sender",
  "lockfileVersion": 2,
  "requires": true,
  "packages": {
    "": {
      "hasInstallScript": true,
      "dependencies": {
        "@disciple.tools/web-components": "^0.2.4"
      }
    },
    "node_modules/@disciple.tools/web-components": {
      "version": "0.2.5",
      "resolved": "https://registry.npmjs.org/@disciple.tools/web-components/-/web-components-0.2.5.tgz",
      "integrity": "sha512-WwxR8dIDWtjviq2YkYlfG5mRFdkUFrmXteH4aFfMnDrk0x0DbtWqKZCgWmjlvjkQjSnsjeYoat31MAwMldTPbw==",
      "dependencies": {
        "@lit/localize": "^0.11.4",
        "lit": "^2.3.2"
      },
      "engines": {
        "node": ">=16.0.0",
        "npm": ">=7.0.0"
      }
    },
    "node_modules/@lit/localize": {
      "version": "0.11.4",
      "resolved": "https://registry.npmjs.org/@lit/localize/-/localize-0.11.4.tgz",
      "integrity": "sha512-RRIwIX2tAm3+DuEndoXSJrFjGrAK5cb5IXo5K6jcJ6sbgD829B8rSqHC5MaKVUmXTVLIR1bk5IZOZDf9wFereA==",
      "dependencies": {
        "@lit/reactive-element": "^1.4.0",
        "lit": "^2.3.0"
      }
    },
    "node_modules/@lit/reactive-element": {
      "version": "1.4.2",
      "resolved": "https://registry.npmjs.org/@lit/reactive-element/-/reactive-element-1.4.2.tgz",
      "integrity": "sha512-VMOxsWh/QDwrxPsgkSQnuZ+8mfNy1OTjzzUdLBvvZtpahwPTHTeVZ51RZRqO4xfKVrR+btIPA8D01IL3xeG66w=="
    },
    "node_modules/@types/trusted-types": {
      "version": "2.0.2",
      "resolved": "https://registry.npmjs.org/@types/trusted-types/-/trusted-types-2.0.2.tgz",
      "integrity": "sha512-F5DIZ36YVLE+PN+Zwws4kJogq47hNgX3Nx6WyDJ3kcplxyke3XIzB8uK5n/Lpm1HBsbGzd6nmGehL8cPekP+Tg=="
    },
    "node_modules/lit": {
      "version": "2.4.1",
      "resolved": "https://registry.npmjs.org/lit/-/lit-2.4.1.tgz",
      "integrity": "sha512-qohSgLiyN1cFnJG26dIiY03S4F49857A0AHQfnS0zYtnUVnD2MFvx+UT52rtXsIuNFQrnUupX+zyGSATlk1f/A==",
      "dependencies": {
        "@lit/reactive-element": "^1.4.0",
        "lit-element": "^3.2.0",
        "lit-html": "^2.4.0"
      }
    },
    "node_modules/lit-element": {
      "version": "3.2.2",
      "resolved": "https://registry.npmjs.org/lit-element/-/lit-element-3.2.2.tgz",
      "integrity": "sha512-6ZgxBR9KNroqKb6+htkyBwD90XGRiqKDHVrW/Eh0EZ+l+iC+u+v+w3/BA5NGi4nizAVHGYvQBHUDuSmLjPp7NQ==",
      "dependencies": {
        "@lit/reactive-element": "^1.3.0",
        "lit-html": "^2.2.0"
      }
    },
    "node_modules/lit-html": {
      "version": "2.4.0",
      "resolved": "https://registry.npmjs.org/lit-html/-/lit-html-2.4.0.tgz",
      "integrity": "sha512-G6qXu4JNUpY6aaF2VMfaszhO9hlWw0hOTRFDmuMheg/nDYGB+2RztUSOyrzALAbr8Nh0Y7qjhYkReh3rPnplVg==",
      "dependencies": {
        "@types/trusted-types": "^2.0.2"
      }
    }
  },
  "dependencies": {
    "@disciple.tools/web-components": {
      "version": "0.2.5",
      "resolved": "https://registry.npmjs.org/@disciple.tools/web-components/-/web-components-0.2.5.tgz",
      "integrity": "sha512-WwxR8dIDWtjviq2YkYlfG5mRFdkUFrmXteH4aFfMnDrk0x0DbtWqKZCgWmjlvjkQjSnsjeYoat31MAwMldTPbw==",
      "requires": {
        "@lit/localize": "^0.11.4",
        "lit": "^2.3.2"
      }
    },
    "@lit/localize": {
      "version": "0.11.4",
      "resolved": "https://registry.npmjs.org/@lit/localize/-/localize-0.11.4.tgz",
      "integrity": "sha512-RRIwIX2tAm3+DuEndoXSJrFjGrAK5cb5IXo5K6jcJ6sbgD829B8rSqHC5MaKVUmXTVLIR1bk5IZOZDf9wFereA==",
      "requires": {
        "@lit/reactive-element": "^1.4.0",
        "lit": "^2.3.0"
      }
    },
    "@lit/reactive-element": {
      "version": "1.4.2",
      "resolved": "https://registry.npmjs.org/@lit/reactive-element/-/reactive-element-1.4.2.tgz",
      "integrity": "sha512-VMOxsWh/QDwrxPsgkSQnuZ+8mfNy1OTjzzUdLBvvZtpahwPTHTeVZ51RZRqO4xfKVrR+btIPA8D01IL3xeG66w=="
    },
    "@types/trusted-types": {
      "version": "2.0.2",
      "resolved": "https://registry.npmjs.org/@types/trusted-types/-/trusted-types-2.0.2.tgz",
      "integrity": "sha512-F5DIZ36YVLE+PN+Zwws4kJogq47hNgX3Nx6WyDJ3kcplxyke3XIzB8uK5n/Lpm1HBsbGzd6nmGehL8cPekP+Tg=="
    },
    "lit": {
      "version": "2.4.1",
      "resolved": "https://registry.npmjs.org/lit/-/lit-2.4.1.tgz",
      "integrity": "sha512-qohSgLiyN1cFnJG26dIiY03S4F49857A0AHQfnS0zYtnUVnD2MFvx+UT52rtXsIuNFQrnUupX+zyGSATlk1f/A==",
      "requires": {
        "@lit/reactive-element": "^1.4.0",
        "lit-element": "^3.2.0",
        "lit-html": "^2.4.0"
      }
    },
    "lit-element": {
      "version": "3.2.2",
      "resolved": "https://registry.npmjs.org/lit-element/-/lit-element-3.2.2.tgz",
      "integrity": "sha512-6ZgxBR9KNroqKb6+htkyBwD90XGRiqKDHVrW/Eh0EZ+l+iC+u+v+w3/BA5NGi4nizAVHGYvQBHUDuSmLjPp7NQ==",
      "requires": {
        "@lit/reactive-element": "^1.3.0",
        "lit-html": "^2.2.0"
      }
    },
    "lit-html": {
      "version": "2.4.0",
      "resolved": "https://registry.npmjs.org/lit-html/-/lit-html-2.4.0.tgz",
      "integrity": "sha512-G6qXu4JNUpY6aaF2VMfaszhO9hlWw0hOTRFDmuMheg/nDYGB+2RztUSOyrzALAbr8Nh0Y7qjhYkReh3rPnplVg==",
      "requires": {
        "@types/trusted-types": "^2.0.2"
      }
    }
  }
}
